
Microsoft Visual Studio Solution File, Format Version 12.00
# Visual Studio Version 17
VisualStudioVersion = 17.4.33205.214
MinimumVisualStudioVersion = 10.0.40219.1
Project("{FAE04EC0-301F-11D3-BF4B-00C04F79EFBC}") = "HHBooks.API", "HHBooks.API\HHBooks.API.csproj", "{EB432C6F-FFA6-46EE-9D02-33A867CC89AC}"
EndProject
Project("{FAE04EC0-301F-11D3-BF4B-00C04F79EFBC}") = "HHBooks.Api.Test", "HHBooks.Api.Test\HHBooks.Api.Test.csproj", "{C8BD4117-5A3C-4844-8289-9C6E19540EAB}"
EndProject
Global
	GlobalSection(SolutionConfigurationPlatforms) = preSolution
		Debug|Any CPU = Debug|Any CPU
		Release|Any CPU = Release|Any CPU
	EndGlobalSection
	GlobalSection(ProjectConfigurationPlatforms) = postSolution
		{EB432C6F-FFA6-46EE-9D02-33A867CC89AC}.Debug|Any CPU.ActiveCfg = Debug|Any CPU
		{EB432C6F-FFA6-46EE-9D02-33A867CC89AC}.Debug|Any CPU.Build.0 = Debug|Any CPU
		{EB432C6F-FFA6-46EE-9D02-33A867CC89AC}.Release|Any CPU.ActiveCfg = Release|Any CPU
		{EB432C6F-FFA6-46EE-9D02-33A867CC89AC}.Release|Any CPU.Build.0 = Release|Any CPU
		{C8BD4117-5A3C-4844-8289-9C6E19540EAB}.Debug|Any CPU.ActiveCfg = Debug|Any CPU
		{C8BD4117-5A3C-4844-8289-9C6E19540EAB}.Debug|Any CPU.Build.0 = Debug|Any CPU
		{C8BD4117-5A3C-4844-8289-9C6E19540EAB}.Release|Any CPU.ActiveCfg = Release|Any CPU
		{C8BD4117-5A3C-4844-8289-9C6E19540EAB}.Release|Any CPU.Build.0 = Release|Any CPU
	EndGlobalSection
	GlobalSection(SolutionProperties) = preSolution
		HideSolutionNode = FALSE
	EndGlobalSection
	GlobalSection(ExtensibilityGlobals) = postSolution
		SolutionGuid = {11EB0870-B8B3-4563-9671-41CFCFF2206E}
	EndGlobalSection
EndGlobal
